// !$*UTF8*$!
{
	archiveVersion = 1;
	classes = {
	};
	objectVersion = 56;
	objects = {

/* Begin PBXBuildFile section */
		4F911B1B2C404B1E00EB7C7B /* InspireLoveApp.swift in Sources */ = {isa = PBXBuildFile; fileRef = 4F911B1A2C404B1E00EB7C7B /* InspireLoveApp.swift */; };
		4F911B1D2C404B1E00EB7C7B /* MainView.swift in Sources */ = {isa = PBXBuildFile; fileRef = 4F911B1C2C404B1E00EB7C7B /* MainView.swift */; };
		4F911B1F2C404B2000EB7C7B /* Assets.xcassets in Resources */ = {isa = PBXBuildFile; fileRef = 4F911B1E2C404B2000EB7C7B /* Assets.xcassets */; };
		4F911B222C404B2000EB7C7B /* Preview Assets.xcassets in Resources */ = {isa = PBXBuildFile; fileRef = 4F911B212C404B2000EB7C7B /* Preview Assets.xcassets */; };
		4F911B2C2C404B2000EB7C7B /* InspireLoveAppTests.swift in Sources */ = {isa = PBXBuildFile; fileRef = 4F911B2B2C404B2000EB7C7B /* InspireLoveAppTests.swift */; };
		4F911B362C404B2000EB7C7B /* InspireLoveAppUITests.swift in Sources */ = {isa = PBXBuildFile; fileRef = 4F911B352C404B2000EB7C7B /* InspireLoveAppUITests.swift */; };
		4F911B382C404B2000EB7C7B /* InspireLoveAppUITestsLaunchTests.swift in Sources */ = {isa = PBXBuildFile; fileRef = 4F911B372C404B2000EB7C7B /* InspireLoveAppUITestsLaunchTests.swift */; };
		4F911B482C4050D100EB7C7B /* quotes.json in Resources */ = {isa = PBXBuildFile; fileRef = 4F911B472C4050D100EB7C7B /* quotes.json */; };
		4F911B4A2C41AF8F00EB7C7B /* AboutUs.swift in Sources */ = {isa = PBXBuildFile; fileRef = 4F911B492C41AF8F00EB7C7B /* AboutUs.swift */; };
		4F911B4E2C48E3C100EB7C7B /* QuotesDataProvider.swift in Sources */ = {isa = PBXBuildFile; fileRef = 4F911B4D2C48E3C100EB7C7B /* QuotesDataProvider.swift */; };
/* End PBXBuildFile section */

/* Begin PBXContainerItemProxy section */
		4F911B282C404B2000EB7C7B /* PBXContainerItemProxy */ = {
			isa = PBXContainerItemProxy;
			containerPortal = 4F911B0F2C404B1E00EB7C7B /* Project object */;
			proxyType = 1;
			remoteGlobalIDString = 4F911B162C404B1E00EB7C7B;
			remoteInfo = InspireLoveApp;
		};
		4F911B322C404B2000EB7C7B /* PBXContainerItemProxy */ = {
			isa = PBXContainerItemProxy;
			containerPortal = 4F911B0F2C404B1E00EB7C7B /* Project object */;
			proxyType = 1;
			remoteGlobalIDString = 4F911B162C404B1E00EB7C7B;
			remoteInfo = InspireLoveApp;
		};
/* End PBXContainerItemProxy section */

/* Begin PBXFileReference section */
		4F911B172C404B1E00EB7C7B /* InspireLoveApp.app */ = {isa = PBXFileReference; explicitFileType = wrapper.application; includeInIndex = 0; path = InspireLoveApp.app; sourceTree = BUILT_PRODUCTS_DIR; };
		4F911B1A2C404B1E00EB7C7B /* InspireLoveApp.swift */ = {isa = PBXFileReference; lastKnownFileType = sourcecode.swift; path = InspireLoveApp.swift; sourceTree = "<group>"; };
		4F911B1C2C404B1E00EB7C7B /* MainView.swift */ = {isa = PBXFileReference; lastKnownFileType = sourcecode.swift; path = MainView.swift; sourceTree = "<group>"; };
		4F911B1E2C404B2000EB7C7B /* Assets.xcassets */ = {isa = PBXFileReference; lastKnownFileType = folder.assetcatalog; path = Assets.xcassets; sourceTree = "<group>"; };
		4F911B212C404B2000EB7C7B /* Preview Assets.xcassets */ = {isa = PBXFileReference; lastKnownFileType = folder.assetcatalog; path = "Preview Assets.xcassets"; sourceTree = "<group>"; };
		4F911B272C404B2000EB7C7B /* InspireLoveAppTests.xctest */ = {isa = PBXFileReference; explicitFileType = wrapper.cfbundle; includeInIndex = 0; path = InspireLoveAppTests.xctest; sourceTree = BUILT_PRODUCTS_DIR; };
		4F911B2B2C404B2000EB7C7B /* InspireLoveAppTests.swift */ = {isa = PBXFileReference; lastKnownFileType = sourcecode.swift; path = InspireLoveAppTests.swift; sourceTree = "<group>"; };
		4F911B312C404B2000EB7C7B /* InspireLoveAppUITests.xctest */ = {isa = PBXFileReference; explicitFileType = wrapper.cfbundle; includeInIndex = 0; path = InspireLoveAppUITests.xctest; sourceTree = BUILT_PRODUCTS_DIR; };
		4F911B352C404B2000EB7C7B /* InspireLoveAppUITests.swift */ = {isa = PBXFileReference; lastKnownFileType = sourcecode.swift; path = InspireLoveAppUITests.swift; sourceTree = "<group>"; };
		4F911B372C404B2000EB7C7B /* InspireLoveAppUITestsLaunchTests.swift */ = {isa = PBXFileReference; lastKnownFileType = sourcecode.swift; path = InspireLoveAppUITestsLaunchTests.swift; sourceTree = "<group>"; };
		4F911B472C4050D100EB7C7B /* quotes.json */ = {isa = PBXFileReference; fileEncoding = 4; lastKnownFileType = text.json; path = quotes.json; sourceTree = "<group>"; };
		4F911B492C41AF8F00EB7C7B /* AboutUs.swift */ = {isa = PBXFileReference; lastKnownFileType = sourcecode.swift; path = AboutUs.swift; sourceTree = "<group>"; };
		4F911B4D2C48E3C100EB7C7B /* QuotesDataProvider.swift */ = {isa = PBXFileReference; lastKnownFileType = sourcecode.swift; path = QuotesDataProvider.swift; sourceTree = "<group>"; };
/* End PBXFileReference section */

/* Begin PBXFrameworksBuildPhase section */
		4F911B142C404B1E00EB7C7B /* Frameworks */ = {
			isa = PBXFrameworksBuildPhase;
			buildActionMask = 2147483647;
			files = (
			);
			runOnlyForDeploymentPostprocessing = 0;
		};
		4F911B242C404B2000EB7C7B /* Frameworks */ = {
			isa = PBXFrameworksBuildPhase;
			buildActionMask = 2147483647;
			files = (
			);
			runOnlyForDeploymentPostprocessing = 0;
		};
		4F911B2E2C404B2000EB7C7B /* Frameworks */ = {
			isa = PBXFrameworksBuildPhase;
			buildActionMask = 2147483647;
			files = (
			);
			runOnlyForDeploymentPostprocessing = 0;
		};
/* End PBXFrameworksBuildPhase section */

/* Begin PBXGroup section */
		4F911B0E2C404B1E00EB7C7B = {
			isa = PBXGroup;
			children = (
				4F911B192C404B1E00EB7C7B /* InspireLoveApp */,
				4F911B2A2C404B2000EB7C7B /* InspireLoveAppTests */,
				4F911B342C404B2000EB7C7B /* InspireLoveAppUITests */,
				4F911B182C404B1E00EB7C7B /* Products */,
			);
			sourceTree = "<group>";
		};
		4F911B182C404B1E00EB7C7B /* Products */ = {
			isa = PBXGroup;
			children = (
				4F911B172C404B1E00EB7C7B /* InspireLoveApp.app */,
				4F911B272C404B2000EB7C7B /* InspireLoveAppTests.xctest */,
				4F911B312C404B2000EB7C7B /* InspireLoveAppUITests.xctest */,
			);
			name = Products;
			sourceTree = "<group>";
		};
		4F911B192C404B1E00EB7C7B /* InspireLoveApp */ = {
			isa = PBXGroup;
			children = (
				4F911B1A2C404B1E00EB7C7B /* InspireLoveApp.swift */,
				4F911B1C2C404B1E00EB7C7B /* MainView.swift */,
				4F911B4D2C48E3C100EB7C7B /* QuotesDataProvider.swift */,
				4F911B492C41AF8F00EB7C7B /* AboutUs.swift */,
				4F911B462C4050AB00EB7C7B /* Assets */,
				4F911B202C404B2000EB7C7B /* Preview Content */,
			);
			path = InspireLoveApp;
			sourceTree = "<group>";
		};
		4F911B202C404B2000EB7C7B /* Preview Content */ = {
			isa = PBXGroup;
			children = (
				4F911B212C404B2000EB7C7B /* Preview Assets.xcassets */,
			);
			path = "Preview Content";
			sourceTree = "<group>";
		};
		4F911B2A2C404B2000EB7C7B /* InspireLoveAppTests */ = {
			isa = PBXGroup;
			children = (
				4F911B2B2C404B2000EB7C7B /* InspireLoveAppTests.swift */,
			);
			path = InspireLoveAppTests;
			sourceTree = "<group>";
		};
		4F911B342C404B2000EB7C7B /* InspireLoveAppUITests */ = {
			isa = PBXGroup;
			children = (
				4F911B352C404B2000EB7C7B /* InspireLoveAppUITests.swift */,
				4F911B372C404B2000EB7C7B /* InspireLoveAppUITestsLaunchTests.swift */,
			);
			path = InspireLoveAppUITests;
			sourceTree = "<group>";
		};
		4F911B462C4050AB00EB7C7B /* Assets */ = {
			isa = PBXGroup;
			children = (
				4F911B1E2C404B2000EB7C7B /* Assets.xcassets */,
				4F911B472C4050D100EB7C7B /* quotes.json */,
			);
			path = Assets;
			sourceTree = "<group>";
		};
/* End PBXGroup section */

/* Begin PBXNativeTarget section */
		4F911B162C404B1E00EB7C7B /* InspireLoveApp */ = {
			isa = PBXNativeTarget;
			buildConfigurationList = 4F911B3B2C404B2000EB7C7B /* Build configuration list for PBXNativeTarget "InspireLoveApp" */;
			buildPhases = (
				4F911B132C404B1E00EB7C7B /* Sources */,
				4F911B142C404B1E00EB7C7B /* Frameworks */,
				4F911B152C404B1E00EB7C7B /* Resources */,
			);
			buildRules = (
			);
			dependencies = (
			);
			name = InspireLoveApp;
			productName = InspireLoveApp;
			productReference = 4F911B172C404B1E00EB7C7B /* InspireLoveApp.app */;
			productType = "com.apple.product-type.application";
		};
		4F911B262C404B2000EB7C7B /* InspireLoveAppTests */ = {
			isa = PBXNativeTarget;
			buildConfigurationList = 4F911B3E2C404B2000EB7C7B /* Build configuration list for PBXNativeTarget "InspireLoveAppTests" */;
			buildPhases = (
				4F911B232C404B2000EB7C7B /* Sources */,
				4F911B242C404B2000EB7C7B /* Frameworks */,
				4F911B252C404B2000EB7C7B /* Resources */,
			);
			buildRules = (
			);
			dependencies = (
				4F911B292C404B2000EB7C7B /* PBXTargetDependency */,
			);
			name = InspireLoveAppTests;
			productName = InspireLoveAppTests;
			productReference = 4F911B272C404B2000EB7C7B /* InspireLoveAppTests.xctest */;
			productType = "com.apple.product-type.bundle.unit-test";
		};
		4F911B302C404B2000EB7C7B /* InspireLoveAppUITests */ = {
			isa = PBXNativeTarget;
			buildConfigurationList = 4F911B412C404B2000EB7C7B /* Build configuration list for PBXNativeTarget "InspireLoveAppUITests" */;
			buildPhases = (
				4F911B2D2C404B2000EB7C7B /* Sources */,
				4F911B2E2C404B2000EB7C7B /* Frameworks */,
				4F911B2F2C404B2000EB7C7B /* Resources */,
			);
			buildRules = (
			);
			dependencies = (
				4F911B332C404B2000EB7C7B /* PBXTargetDependency */,
			);
			name = InspireLoveAppUITests;
			productName = InspireLoveAppUITests;
			productReference = 4F911B312C404B2000EB7C7B /* InspireLoveAppUITests.xctest */;
			productType = "com.apple.product-type.bundle.ui-testing";
		};
/* End PBXNativeTarget section */

/* Begin PBXProject section */
		4F911B0F2C404B1E00EB7C7B /* Project object */ = {
			isa = PBXProject;
			attributes = {
				BuildIndependentTargetsInParallel = 1;
				LastSwiftUpdateCheck = 1540;
				LastUpgradeCheck = 1540;
				TargetAttributes = {
					4F911B162C404B1E00EB7C7B = {
						CreatedOnToolsVersion = 15.4;
					};
					4F911B262C404B2000EB7C7B = {
						CreatedOnToolsVersion = 15.4;
						TestTargetID = 4F911B162C404B1E00EB7C7B;
					};
					4F911B302C404B2000EB7C7B = {
						CreatedOnToolsVersion = 15.4;
						TestTargetID = 4F911B162C404B1E00EB7C7B;
					};
				};
			};
			buildConfigurationList = 4F911B122C404B1E00EB7C7B /* Build configuration list for PBXProject "InspireLoveApp" */;
			compatibilityVersion = "Xcode 14.0";
			developmentRegion = en;
			hasScannedForEncodings = 0;
			knownRegions = (
				en,
				Base,
			);
			mainGroup = 4F911B0E2C404B1E00EB7C7B;
			productRefGroup = 4F911B182C404B1E00EB7C7B /* Products */;
			projectDirPath = "";
			projectRoot = "";
			targets = (
				4F911B162C404B1E00EB7C7B /* InspireLoveApp */,
				4F911B262C404B2000EB7C7B /* InspireLoveAppTests */,
				4F911B302C404B2000EB7C7B /* InspireLoveAppUITests */,
			);
		};
/* End PBXProject section */

/* Begin PBXResourcesBuildPhase section */
		4F911B152C404B1E00EB7C7B /* Resources */ = {
			isa = PBXResourcesBuildPhase;
			buildActionMask = 2147483647;
			files = (
				4F911B222C404B2000EB7C7B /* Preview Assets.xcassets in Resources */,
				4F911B1F2C404B2000EB7C7B /* Assets.xcassets in Resources */,
				4F911B482C4050D100EB7C7B /* quotes.json in Resources */,
			);
			runOnlyForDeploymentPostprocessing = 0;
		};
		4F911B252C404B2000EB7C7B /* Resources */ = {
			isa = PBXResourcesBuildPhase;
			buildActionMask = 2147483647;
			files = (
			);
			runOnlyForDeploymentPostprocessing = 0;
		};
		4F911B2F2C404B2000EB7C7B /* Resources */ = {
			isa = PBXResourcesBuildPhase;
			buildActionMask = 2147483647;
			files = (
			);
			runOnlyForDeploymentPostprocessing = 0;
		};
/* End PBXResourcesBuildPhase section */

/* Begin PBXSourcesBuildPhase section */
		4F911B132C404B1E00EB7C7B /* Sources */ = {
			isa = PBXSourcesBuildPhase;
			buildActionMask = 2147483647;
			files = (
				4F911B4E2C48E3C100EB7C7B /* QuotesDataProvider.swift in Sources */,
				4F911B4A2C41AF8F00EB7C7B /* AboutUs.swift in Sources */,
				4F911B1D2C404B1E00EB7C7B /* MainView.swift in Sources */,
				4F911B1B2C404B1E00EB7C7B /* InspireLoveApp.swift in Sources */,
			);
			runOnlyForDeploymentPostprocessing = 0;
		};
		4F911B232C404B2000EB7C7B /* Sources */ = {
			isa = PBXSourcesBuildPhase;
			buildActionMask = 2147483647;
			files = (
				4F911B2C2C404B2000EB7C7B /* InspireLoveAppTests.swift in Sources */,
			);
			runOnlyForDeploymentPostprocessing = 0;
		};
		4F911B2D2C404B2000EB7C7B /* Sources */ = {
			isa = PBXSourcesBuildPhase;
			buildActionMask = 2147483647;
			files = (
				4F911B362C404B2000EB7C7B /* InspireLoveAppUITests.swift in Sources */,
				4F911B382C404B2000EB7C7B /* InspireLoveAppUITestsLaunchTests.swift in Sources */,
			);
			runOnlyForDeploymentPostprocessing = 0;
		};
/* End PBXSourcesBuildPhase section */

/* Begin PBXTargetDependency section */
		4F911B292C404B2000EB7C7B /* PBXTargetDependency */ = {
			isa = PBXTargetDependency;
			target = 4F911B162C404B1E00EB7C7B /* InspireLoveApp */;
			targetProxy = 4F911B282C404B2000EB7C7B /* PBXContainerItemProxy */;
		};
		4F911B332C404B2000EB7C7B /* PBXTargetDependency */ = {
			isa = PBXTargetDependency;
			target = 4F911B162C404B1E00EB7C7B /* InspireLoveApp */;
			targetProxy = 4F911B322C404B2000EB7C7B /* PBXContainerItemProxy */;
		};
/* End PBXTargetDependency section */

/* Begin XCBuildConfiguration section */
		4F911B392C404B2000EB7C7B /* Debug */ = {
			isa = XCBuildConfiguration;
			buildSettings = {
				ALWAYS_SEARCH_USER_PATHS = NO;
				ASSETCATALOG_COMPILER_GENERATE_SWIFT_ASSET_SYMBOL_EXTENSIONS = YES;
				CLANG_ANALYZER_NONNULL = YES;
				CLANG_ANALYZER_NUMBER_OBJECT_CONVERSION = YES_AGGRESSIVE;
				CLANG_CXX_LANGUAGE_STANDARD = "gnu++20";
				CLANG_ENABLE_MODULES = YES;
				CLANG_ENABLE_OBJC_ARC = YES;
				CLANG_ENABLE_OBJC_WEAK = YES;
				CLANG_WARN_BLOCK_CAPTURE_AUTORELEASING = YES;
				CLANG_WARN_BOOL_CONVERSION = YES;
				CLANG_WARN_COMMA = YES;
				CLANG_WARN_CONSTANT_CONVERSION = YES;
				CLANG_WARN_DEPRECATED_OBJC_IMPLEMENTATIONS = YES;
				CLANG_WARN_DIRECT_OBJC_ISA_USAGE = YES_ERROR;
				CLANG_WARN_DOCUMENTATION_COMMENTS = YES;
				CLANG_WARN_EMPTY_BODY = YES;
				CLANG_WARN_ENUM_CONVERSION = YES;
				CLANG_WARN_INFINITE_RECURSION = YES;
				CLANG_WARN_INT_CONVERSION = YES;
				CLANG_WARN_NON_LITERAL_NULL_CONVERSION = YES;
				CLANG_WARN_OBJC_IMPLICIT_RETAIN_SELF = YES;
				CLANG_WARN_OBJC_LITERAL_CONVERSION = YES;
				CLANG_WARN_OBJC_ROOT_CLASS = YES_ERROR;
				CLANG_WARN_QUOTED_INCLUDE_IN_FRAMEWORK_HEADER = YES;
				CLANG_WARN_RANGE_LOOP_ANALYSIS = YES;
				CLANG_WARN_STRICT_PROTOTYPES = YES;
				CLANG_WARN_SUSPICIOUS_MOVE = YES;
				CLANG_WARN_UNGUARDED_AVAILABILITY = YES_AGGRESSIVE;
				CLANG_WARN_UNREACHABLE_CODE = YES;
				CLANG_WARN__DUPLICATE_METHOD_MATCH = YES;
				COPY_PHASE_STRIP = NO;
				DEBUG_INFORMATION_FORMAT = dwarf;
				ENABLE_STRICT_OBJC_MSGSEND = YES;
				ENABLE_TESTABILITY = YES;
				ENABLE_USER_SCRIPT_SANDBOXING = YES;
				GCC_C_LANGUAGE_STANDARD = gnu17;
				GCC_DYNAMIC_NO_PIC = NO;
				GCC_NO_COMMON_BLOCKS = YES;
				GCC_OPTIMIZATION_LEVEL = 0;
				GCC_PREPROCESSOR_DEFINITIONS = (
					"DEBUG=1",
					"$(inherited)",
				);
				GCC_WARN_64_TO_32_BIT_CONVERSION = YES;
				GCC_WARN_ABOUT_RETURN_TYPE = YES_ERROR;
				GCC_WARN_UNDECLARED_SELECTOR = YES;
				GCC_WARN_UNINITIALIZED_AUTOS = YES_AGGRESSIVE;
				GCC_WARN_UNUSED_FUNCTION = YES;
				GCC_WARN_UNUSED_VARIABLE = YES;
				IPHONEOS_DEPLOYMENT_TARGET = 17.5;
				LOCALIZATION_PREFERS_STRING_CATALOGS = YES;
				MTL_ENABLE_DEBUG_INFO = INCLUDE_SOURCE;
				MTL_FAST_MATH = YES;
				ONLY_ACTIVE_ARCH = YES;
				SDKROOT = iphoneos;
				SWIFT_ACTIVE_COMPILATION_CONDITIONS = "DEBUG $(inherited)";
				SWIFT_OPTIMIZATION_LEVEL = "-Onone";
			};
			name = Debug;
		};
		4F911B3A2C404B2000EB7C7B /* Release */ = {
			isa = XCBuildConfiguration;
			buildSettings = {
				ALWAYS_SEARCH_USER_PATHS = NO;
				ASSETCATALOG_COMPILER_GENERATE_SWIFT_ASSET_SYMBOL_EXTENSIONS = YES;
				CLANG_ANALYZER_NONNULL = YES;
				CLANG_ANALYZER_NUMBER_OBJECT_CONVERSION = YES_AGGRESSIVE;
				CLANG_CXX_LANGUAGE_STANDARD = "gnu++20";
				CLANG_ENABLE_MODULES = YES;
				CLANG_ENABLE_OBJC_ARC = YES;
				CLANG_ENABLE_OBJC_WEAK = YES;
				CLANG_WARN_BLOCK_CAPTURE_AUTORELEASING = YES;
				CLANG_WARN_BOOL_CONVERSION = YES;
				CLANG_WARN_COMMA = YES;
				CLANG_WARN_CONSTANT_CONVERSION = YES;
				CLANG_WARN_DEPRECATED_OBJC_IMPLEMENTATIONS = YES;
				CLANG_WARN_DIRECT_OBJC_ISA_USAGE = YES_ERROR;
				CLANG_WARN_DOCUMENTATION_COMMENTS = YES;
				CLANG_WARN_EMPTY_BODY = YES;
				CLANG_WARN_ENUM_CONVERSION = YES;
				CLANG_WARN_INFINITE_RECURSION = YES;
				CLANG_WARN_INT_CONVERSION = YES;
				CLANG_WARN_NON_LITERAL_NULL_CONVERSION = YES;
				CLANG_WARN_OBJC_IMPLICIT_RETAIN_SELF = YES;
				CLANG_WARN_OBJC_LITERAL_CONVERSION = YES;
				CLANG_WARN_OBJC_ROOT_CLASS = YES_ERROR;
				CLANG_WARN_QUOTED_INCLUDE_IN_FRAMEWORK_HEADER = YES;
				CLANG_WARN_RANGE_LOOP_ANALYSIS = YES;
				CLANG_WARN_STRICT_PROTOTYPES = YES;
				CLANG_WARN_SUSPICIOUS_MOVE = YES;
				CLANG_WARN_UNGUARDED_AVAILABILITY = YES_AGGRESSIVE;
				CLANG_WARN_UNREACHABLE_CODE = YES;
				CLANG_WARN__DUPLICATE_METHOD_MATCH = YES;
				COPY_PHASE_STRIP = NO;
				DEBUG_INFORMATION_FORMAT = "dwarf-with-dsym";
				ENABLE_NS_ASSERTIONS = NO;
				ENABLE_STRICT_OBJC_MSGSEND = YES;
				ENABLE_USER_SCRIPT_SANDBOXING = YES;
				GCC_C_LANGUAGE_STANDARD = gnu17;
				GCC_NO_COMMON_BLOCKS = YES;
				GCC_WARN_64_TO_32_BIT_CONVERSION = YES;
				GCC_WARN_ABOUT_RETURN_TYPE = YES_ERROR;
				GCC_WARN_UNDECLARED_SELECTOR = YES;
				GCC_WARN_UNINITIALIZED_AUTOS = YES_AGGRESSIVE;
				GCC_WARN_UNUSED_FUNCTION = YES;
				GCC_WARN_UNUSED_VARIABLE = YES;
				IPHONEOS_DEPLOYMENT_TARGET = 17.5;
				LOCALIZATION_PREFERS_STRING_CATALOGS = YES;
				MTL_ENABLE_DEBUG_INFO = NO;
				MTL_FAST_MATH = YES;
				SDKROOT = iphoneos;
				SWIFT_COMPILATION_MODE = wholemodule;
				VALIDATE_PRODUCT = YES;
			};
			name = Release;
		};
		4F911B3C2C404B2000EB7C7B /* Debug */ = {
			isa = XCBuildConfiguration;
			buildSettings = {
				ASSETCATALOG_COMPILER_APPICON_NAME = AppIcon;
				ASSETCATALOG_COMPILER_GLOBAL_ACCENT_COLOR_NAME = AccentColor;
				CODE_SIGN_STYLE = Automatic;
				CURRENT_PROJECT_VERSION = 1;
				DEVELOPMENT_ASSET_PATHS = "\"InspireLoveApp/Preview Content\"";
				DEVELOPMENT_TEAM = V74LCBV34W;
				ENABLE_PREVIEWS = YES;
				GENERATE_INFOPLIST_FILE = YES;
				INFOPLIST_KEY_UIApplicationSceneManifest_Generation = YES;
				INFOPLIST_KEY_UIApplicationSupportsIndirectInputEvents = YES;
				INFOPLIST_KEY_UILaunchScreen_Generation = YES;
				INFOPLIST_KEY_UISupportedInterfaceOrientations_iPad = "UIInterfaceOrientationPortrait UIInterfaceOrientationPortraitUpsideDown UIInterfaceOrientationLandscapeLeft UIInterfaceOrientationLandscapeRight";
				INFOPLIST_KEY_UISupportedInterfaceOrientations_iPhone = "UIInterfaceOrientationPortrait UIInterfaceOrientationLandscapeLeft UIInterfaceOrientationLandscapeRight";
				LD_RUNPATH_SEARCH_PATHS = (
					"$(inherited)",
					"@executable_path/Frameworks",
				);
				MARKETING_VERSION = 1.0;
				PRODUCT_BUNDLE_IDENTIFIER = com.rubngs.InspireLoveApp;
				PRODUCT_NAME = "$(TARGET_NAME)";
				SWIFT_EMIT_LOC_STRINGS = YES;
				SWIFT_VERSION = 5.0;
				TARGETED_DEVICE_FAMILY = "1,2";
			};
			name = Debug;
		};
		4F911B3D2C404B2000EB7C7B /* Release */ = {
			isa = XCBuildConfiguration;
			buildSettings = {
				ASSETCATALOG_COMPILER_APPICON_NAME = AppIcon;
				ASSETCATALOG_COMPILER_GLOBAL_ACCENT_COLOR_NAME = AccentColor;
				CODE_SIGN_STYLE = Automatic;
				CURRENT_PROJECT_VERSION = 1;
				DEVELOPMENT_ASSET_PATHS = "\"InspireLoveApp/Preview Content\"";
				DEVELOPMENT_TEAM = V74LCBV34W;
				ENABLE_PREVIEWS = YES;
				GENERATE_INFOPLIST_FILE = YES;
				INFOPLIST_KEY_UIApplicationSceneManifest_Generation = YES;
				INFOPLIST_KEY_UIApplicationSupportsIndirectInputEvents = YES;
				INFOPLIST_KEY_UILaunchScreen_Generation = YES;
				INFOPLIST_KEY_UISupportedInterfaceOrientations_iPad = "UIInterfaceOrientationPortrait UIInterfaceOrientationPortraitUpsideDown UIInterfaceOrientationLandscapeLeft UIInterfaceOrientationLandscapeRight";
				INFOPLIST_KEY_UISupportedInterfaceOrientations_iPhone = "UIInterfaceOrientationPortrait UIInterfaceOrientationLandscapeLeft UIInterfaceOrientationLandscapeRight";
				LD_RUNPATH_SEARCH_PATHS = (
					"$(inherited)",
					"@executable_path/Frameworks",
				);
				MARKETING_VERSION = 1.0;
				PRODUCT_BUNDLE_IDENTIFIER = com.rubngs.InspireLoveApp;
				PRODUCT_NAME = "$(TARGET_NAME)";
				SWIFT_EMIT_LOC_STRINGS = YES;
				SWIFT_VERSION = 5.0;
				TARGETED_DEVICE_FAMILY = "1,2";
			};
			name = Release;
		};
		4F911B3F2C404B2000EB7C7B /* Debug */ = {
			isa = XCBuildConfiguration;
			buildSettings = {
				ALWAYS_EMBED_SWIFT_STANDARD_LIBRARIES = YES;
				BUNDLE_LOADER = "$(TEST_HOST)";
				CODE_SIGN_STYLE = Automatic;
				CURRENT_PROJECT_VERSION = 1;
				DEVELOPMENT_TEAM = V74LCBV34W;
				GENERATE_INFOPLIST_FILE = YES;
				IPHONEOS_DEPLOYMENT_TARGET = 17.5;
				MARKETING_VERSION = 1.0;
				PRODUCT_BUNDLE_IDENTIFIER = com.rubngs.InspireLoveAppTests;
				PRODUCT_NAME = "$(TARGET_NAME)";
				SWIFT_EMIT_LOC_STRINGS = NO;
				SWIFT_VERSION = 5.0;
				TARGETED_DEVICE_FAMILY = "1,2";
				TEST_HOST = "$(BUILT_PRODUCTS_DIR)/InspireLoveApp.app/$(BUNDLE_EXECUTABLE_FOLDER_PATH)/InspireLoveApp";
			};
			name = Debug;
		};
		4F911B402C404B2000EB7C7B /* Release */ = {
			isa = XCBuildConfiguration;
			buildSettings = {
				ALWAYS_EMBED_SWIFT_STANDARD_LIBRARIES = YES;
				BUNDLE_LOADER = "$(TEST_HOST)";
				CODE_SIGN_STYLE = Automatic;
				CURRENT_PROJECT_VERSION = 1;
				DEVELOPMENT_TEAM = V74LCBV34W;
				GENERATE_INFOPLIST_FILE = YES;
				IPHONEOS_DEPLOYMENT_TARGET = 17.5;
				MARKETING_VERSION = 1.0;
				PRODUCT_BUNDLE_IDENTIFIER = com.rubngs.InspireLoveAppTests;
				PRODUCT_NAME = "$(TARGET_NAME)";
				SWIFT_EMIT_LOC_STRINGS = NO;
				SWIFT_VERSION = 5.0;
				TARGETED_DEVICE_FAMILY = "1,2";
				TEST_HOST = "$(BUILT_PRODUCTS_DIR)/InspireLoveApp.app/$(BUNDLE_EXECUTABLE_FOLDER_PATH)/InspireLoveApp";
			};
			name = Release;
		};
		4F911B422C404B2000EB7C7B /* Debug */ = {
			isa = XCBuildConfiguration;
			buildSettings = {
				ALWAYS_EMBED_SWIFT_STANDARD_LIBRARIES = YES;
				CODE_SIGN_STYLE = Automatic;
				CURRENT_PROJECT_VERSION = 1;
				DEVELOPMENT_TEAM = V74LCBV34W;
				GENERATE_INFOPLIST_FILE = YES;
				MARKETING_VERSION = 1.0;
				PRODUCT_BUNDLE_IDENTIFIER = com.rubngs.InspireLoveAppUITests;
				PRODUCT_NAME = "$(TARGET_NAME)";
				SWIFT_EMIT_LOC_STRINGS = NO;
				SWIFT_VERSION = 5.0;
				TARGETED_DEVICE_FAMILY = "1,2";
				TEST_TARGET_NAME = InspireLoveApp;
			};
			name = Debug;
		};
		4F911B432C404B2000EB7C7B /* Release */ = {
			isa = XCBuildConfiguration;
			buildSettings = {
				ALWAYS_EMBED_SWIFT_STANDARD_LIBRARIES = YES;
				CODE_SIGN_STYLE = Automatic;
				CURRENT_PROJECT_VERSION = 1;
				DEVELOPMENT_TEAM = V74LCBV34W;
				GENERATE_INFOPLIST_FILE = YES;
				MARKETING_VERSION = 1.0;
				PRODUCT_BUNDLE_IDENTIFIER = com.rubngs.InspireLoveAppUITests;
				PRODUCT_NAME = "$(TARGET_NAME)";
				SWIFT_EMIT_LOC_STRINGS = NO;
				SWIFT_VERSION = 5.0;
				TARGETED_DEVICE_FAMILY = "1,2";
				TEST_TARGET_NAME = InspireLoveApp;
			};
			name = Release;
		};
/* End XCBuildConfiguration section */

/* Begin XCConfigurationList section */
		4F911B122C404B1E00EB7C7B /* Build configuration list for PBXProject "InspireLoveApp" */ = {
			isa = XCConfigurationList;
			buildConfigurations = (
				4F911B392C404B2000EB7C7B /* Debug */,
				4F911B3A2C404B2000EB7C7B /* Release */,
			);
			defaultConfigurationIsVisible = 0;
			defaultConfigurationName = Release;
		};
		4F911B3B2C404B2000EB7C7B /* Build configuration list for PBXNativeTarget "InspireLoveApp" */ = {
			isa = XCConfigurationList;
			buildConfigurations = (
				4F911B3C2C404B2000EB7C7B /* Debug */,
				4F911B3D2C404B2000EB7C7B /* Release */,
			);
			defaultConfigurationIsVisible = 0;
			defaultConfigurationName = Release;
		};
		4F911B3E2C404B2000EB7C7B /* Build configuration list for PBXNativeTarget "InspireLoveAppTests" */ = {
			isa = XCConfigurationList;
			buildConfigurations = (
				4F911B3F2C404B2000EB7C7B /* Debug */,
				4F911B402C404B2000EB7C7B /* Release */,
			);
			defaultConfigurationIsVisible = 0;
			defaultConfigurationName = Release;
		};
		4F911B412C404B2000EB7C7B /* Build configuration list for PBXNativeTarget "InspireLoveAppUITests" */ = {
			isa = XCConfigurationList;
			buildConfigurations = (
				4F911B422C404B2000EB7C7B /* Debug */,
				4F911B432C404B2000EB7C7B /* Release */,
			);
			defaultConfigurationIsVisible = 0;
			defaultConfigurationName = Release;
		};
/* End XCConfigurationList section */
	};
	rootObject = 4F911B0F2C404B1E00EB7C7B /* Project object */;
}
